
Microsoft Visual Studio Solution File, Format Version 12.00
# Visual Studio 2012
Project("{FAE04EC0-301F-11D3-BF4B-00C04F79EFBC}") = "CustomMapTiles", "CustomMapTiles\CustomMapTiles.csproj", "{B3338941-F0B8-4C6A-8D45-FFA1FEDE8897}"
EndProject
Project("{FAE04EC0-301F-11D3-BF4B-00C04F79EFBC}") = "CustomMapTiles.iOS", "iOS\CustomMapTiles.iOS.csproj", "{F71CE46B-91A3-4D10-9B40-FAC7437D3BDD}"
EndProject
Project("{FAE04EC0-301F-11D3-BF4B-00C04F79EFBC}") = "CustomMapTiles.Droid", "Droid\CustomMapTiles.Droid.csproj", "{A26B31FF-0EAA-472B-BDAE-2B80A85A60DC}"
EndProject
Global
	GlobalSection(SolutionConfigurationPlatforms) = preSolution
		Debug|Any CPU = Debug|Any CPU
		Release|Any CPU = Release|Any CPU
		Debug|iPhoneSimulator = Debug|iPhoneSimulator
		Release|iPhoneSimulator = Release|iPhoneSimulator
		Debug|iPhone = Debug|iPhone
		Release|iPhone = Release|iPhone
		Ad-Hoc|iPhone = Ad-Hoc|iPhone
		AppStore|iPhone = AppStore|iPhone
	EndGlobalSection
	GlobalSection(ProjectConfigurationPlatforms) = postSolution
		{A26B31FF-0EAA-472B-BDAE-2B80A85A60DC}.Ad-Hoc|iPhone.ActiveCfg = Release|Any CPU
		{A26B31FF-0EAA-472B-BDAE-2B80A85A60DC}.Ad-Hoc|iPhone.Build.0 = Release|Any CPU
		{A26B31FF-0EAA-472B-BDAE-2B80A85A60DC}.AppStore|iPhone.ActiveCfg = Release|Any CPU
		{A26B31FF-0EAA-472B-BDAE-2B80A85A60DC}.AppStore|iPhone.Build.0 = Release|Any CPU
		{A26B31FF-0EAA-472B-BDAE-2B80A85A60DC}.Debug|Any CPU.ActiveCfg = Debug|Any CPU
		{A26B31FF-0EAA-472B-BDAE-2B80A85A60DC}.Debug|Any CPU.Build.0 = Debug|Any CPU
		{A26B31FF-0EAA-472B-BDAE-2B80A85A60DC}.Debug|iPhone.ActiveCfg = Debug|Any CPU
		{A26B31FF-0EAA-472B-BDAE-2B80A85A60DC}.Debug|iPhone.Build.0 = Debug|Any CPU
		{A26B31FF-0EAA-472B-BDAE-2B80A85A60DC}.Debug|iPhoneSimulator.ActiveCfg = Debug|Any CPU
		{A26B31FF-0EAA-472B-BDAE-2B80A85A60DC}.Debug|iPhoneSimulator.Build.0 = Debug|Any CPU
		{A26B31FF-0EAA-472B-BDAE-2B80A85A60DC}.Release|Any CPU.ActiveCfg = Release|Any CPU
		{A26B31FF-0EAA-472B-BDAE-2B80A85A60DC}.Release|Any CPU.Build.0 = Release|Any CPU
		{A26B31FF-0EAA-472B-BDAE-2B80A85A60DC}.Release|iPhone.ActiveCfg = Release|Any CPU
		{A26B31FF-0EAA-472B-BDAE-2B80A85A60DC}.Release|iPhone.Build.0 = Release|Any CPU
		{A26B31FF-0EAA-472B-BDAE-2B80A85A60DC}.Release|iPhoneSimulator.ActiveCfg = Release|Any CPU
		{A26B31FF-0EAA-472B-BDAE-2B80A85A60DC}.Release|iPhoneSimulator.Build.0 = Release|Any CPU
		{B3338941-F0B8-4C6A-8D45-FFA1FEDE8897}.Ad-Hoc|iPhone.ActiveCfg = Debug|Any CPU
		{B3338941-F0B8-4C6A-8D45-FFA1FEDE8897}.Ad-Hoc|iPhone.Build.0 = Debug|Any CPU
		{B3338941-F0B8-4C6A-8D45-FFA1FEDE8897}.AppStore|iPhone.ActiveCfg = Debug|Any CPU
		{B3338941-F0B8-4C6A-8D45-FFA1FEDE8897}.AppStore|iPhone.Build.0 = Debug|Any CPU
		{B3338941-F0B8-4C6A-8D45-FFA1FEDE8897}.Debug|Any CPU.ActiveCfg = Debug|Any CPU
		{B3338941-F0B8-4C6A-8D45-FFA1FEDE8897}.Debug|Any CPU.Build.0 = Debug|Any CPU
		{B3338941-F0B8-4C6A-8D45-FFA1FEDE8897}.Debug|iPhone.ActiveCfg = Debug|Any CPU
		{B3338941-F0B8-4C6A-8D45-FFA1FEDE8897}.Debug|iPhone.Build.0 = Debug|Any CPU
		{B3338941-F0B8-4C6A-8D45-FFA1FEDE8897}.Debug|iPhoneSimulator.ActiveCfg = Debug|Any CPU
		{B3338941-F0B8-4C6A-8D45-FFA1FEDE8897}.Debug|iPhoneSimulator.Build.0 = Debug|Any CPU
		{B3338941-F0B8-4C6A-8D45-FFA1FEDE8897}.Release|Any CPU.ActiveCfg = Release|Any CPU
		{B3338941-F0B8-4C6A-8D45-FFA1FEDE8897}.Release|Any CPU.Build.0 = Release|Any CPU
		{B3338941-F0B8-4C6A-8D45-FFA1FEDE8897}.Release|iPhone.ActiveCfg = Release|Any CPU
		{B3338941-F0B8-4C6A-8D45-FFA1FEDE8897}.Release|iPhone.Build.0 = Release|Any CPU
		{B3338941-F0B8-4C6A-8D45-FFA1FEDE8897}.Release|iPhoneSimulator.ActiveCfg = Release|Any CPU
		{B3338941-F0B8-4C6A-8D45-FFA1FEDE8897}.Release|iPhoneSimulator.Build.0 = Release|Any CPU
		{F71CE46B-91A3-4D10-9B40-FAC7437D3BDD}.Ad-Hoc|iPhone.ActiveCfg = Ad-Hoc|iPhone
		{F71CE46B-91A3-4D10-9B40-FAC7437D3BDD}.Ad-Hoc|iPhone.Build.0 = Ad-Hoc|iPhone
		{F71CE46B-91A3-4D10-9B40-FAC7437D3BDD}.AppStore|iPhone.ActiveCfg = AppStore|iPhone
		{F71CE46B-91A3-4D10-9B40-FAC7437D3BDD}.AppStore|iPhone.Build.0 = AppStore|iPhone
		{F71CE46B-91A3-4D10-9B40-FAC7437D3BDD}.Debug|Any CPU.ActiveCfg = Debug|iPhoneSimulator
		{F71CE46B-91A3-4D10-9B40-FAC7437D3BDD}.Debug|Any CPU.Build.0 = Debug|iPhoneSimulator
		{F71CE46B-91A3-4D10-9B40-FAC7437D3BDD}.Debug|iPhone.ActiveCfg = Debug|iPhone
		{F71CE46B-91A3-4D10-9B40-FAC7437D3BDD}.Debug|iPhone.Build.0 = Debug|iPhone
		{F71CE46B-91A3-4D10-9B40-FAC7437D3BDD}.Debug|iPhoneSimulator.ActiveCfg = Debug|iPhoneSimulator
		{F71CE46B-91A3-4D10-9B40-FAC7437D3BDD}.Debug|iPhoneSimulator.Build.0 = Debug|iPhoneSimulator
		{F71CE46B-91A3-4D10-9B40-FAC7437D3BDD}.Release|Any CPU.ActiveCfg = Release|iPhoneSimulator
		{F71CE46B-91A3-4D10-9B40-FAC7437D3BDD}.Release|Any CPU.Build.0 = Release|iPhoneSimulator
		{F71CE46B-91A3-4D10-9B40-FAC7437D3BDD}.Release|iPhone.ActiveCfg = Release|iPhone
		{F71CE46B-91A3-4D10-9B40-FAC7437D3BDD}.Release|iPhone.Build.0 = Release|iPhone
		{F71CE46B-91A3-4D10-9B40-FAC7437D3BDD}.Release|iPhoneSimulator.ActiveCfg = Release|iPhoneSimulator
		{F71CE46B-91A3-4D10-9B40-FAC7437D3BDD}.Release|iPhoneSimulator.Build.0 = Release|iPhoneSimulator
	EndGlobalSection
EndGlobal
